
Microsoft Visual Studio Solution File, Format Version 12.00
# Visual Studio 2012
Project("{FAE04EC0-301F-11D3-BF4B-00C04F79EFBC}") = "JsonSerialize", "JsonSerialize\JsonSerialize.csproj", "{B301929B-E1AD-469B-A04E-8B2CCFDF4312}"
EndProject
Project("{FAE04EC0-301F-11D3-BF4B-00C04F79EFBC}") = "Test", "Test\Test.csproj", "{213B9325-13B0-4021-A67E-9D19176D84C7}"
EndProject
Global
	GlobalSection(SolutionConfigurationPlatforms) = preSolution
		Debug|Any CPU = Debug|Any CPU
		Release|Any CPU = Release|Any CPU
	EndGlobalSection
	GlobalSection(ProjectConfigurationPlatforms) = postSolution
		{B301929B-E1AD-469B-A04E-8B2CCFDF4312}.Debug|Any CPU.ActiveCfg = Debug|Any CPU
		{B301929B-E1AD-469B-A04E-8B2CCFDF4312}.Debug|Any CPU.Build.0 = Debug|Any CPU
		{B301929B-E1AD-469B-A04E-8B2CCFDF4312}.Release|Any CPU.ActiveCfg = Release|Any CPU
		{B301929B-E1AD-469B-A04E-8B2CCFDF4312}.Release|Any CPU.Build.0 = Release|Any CPU
		{213B9325-13B0-4021-A67E-9D19176D84C7}.Debug|Any CPU.ActiveCfg = Debug|Any CPU
		{213B9325-13B0-4021-A67E-9D19176D84C7}.Debug|Any CPU.Build.0 = Debug|Any CPU
		{213B9325-13B0-4021-A67E-9D19176D84C7}.Release|Any CPU.ActiveCfg = Release|Any CPU
		{213B9325-13B0-4021-A67E-9D19176D84C7}.Release|Any CPU.Build.0 = Release|Any CPU
	EndGlobalSection
	GlobalSection(SolutionProperties) = preSolution
		HideSolutionNode = FALSE
	EndGlobalSection
EndGlobal
